
Microsoft Visual Studio Solution File, Format Version 12.00
# Visual Studio Version 16
VisualStudioVersion = 16.0.31112.23
MinimumVisualStudioVersion = 10.0.40219.1
Project("{9A19103F-16F7-4668-BE54-9A1E7A4F7556}") = "Camping", "Camping\Camping.csproj", "{9721510D-8144-4275-B1FB-59146C8D3E33}"
EndProject
Project("{9A19103F-16F7-4668-BE54-9A1E7A4F7556}") = "Donguler", "Donguler\Donguler.csproj", "{2E089C62-777D-4035-86C8-2C7025DB2FFD}"
EndProject
Project("{9A19103F-16F7-4668-BE54-9A1E7A4F7556}") = "ClassIntro", "ClassIntro\ClassIntro.csproj", "{0A5BA6C4-39CE-4C22-A50C-C66D4DE9B625}"
EndProject
Project("{9A19103F-16F7-4668-BE54-9A1E7A4F7556}") = "Metotlar", "Metotlar\Metotlar.csproj", "{D701CC3C-1B2B-4ABA-A148-5157234AD16C}"
EndProject
Project("{9A19103F-16F7-4668-BE54-9A1E7A4F7556}") = "Matematik", "Matematik\Matematik.csproj", "{62CC63B9-863C-459C-82DF-CDAD9D6FE329}"
EndProject
Project("{9A19103F-16F7-4668-BE54-9A1E7A4F7556}") = "OOP1", "OOP1\OOP1.csproj", "{3B1D2324-3731-4532-86A0-B9930213635B}"
EndProject
Project("{9A19103F-16F7-4668-BE54-9A1E7A4F7556}") = "Collections", "Collections\Collections.csproj", "{42A2688F-73A8-491B-BEFB-8D268FB2E115}"
EndProject
Project("{9A19103F-16F7-4668-BE54-9A1E7A4F7556}") = "GenericsIntro", "GenericsIntro\GenericsIntro.csproj", "{D379A67D-00B0-49EE-94D4-BCE1AF91D10D}"
EndProject
Project("{FAE04EC0-301F-11D3-BF4B-00C04F79EFBC}") = "Dictionary", "Dictionary\Dictionary.csproj", "{DFFD092F-1C6B-4C6F-87FB-AA0FB3363971}"
EndProject
Project("{FAE04EC0-301F-11D3-BF4B-00C04F79EFBC}") = "OOP2", "OOP2\OOP2.csproj", "{959E8C39-2553-41DC-BD81-62CC5BCAFFE1}"
EndProject
Project("{FAE04EC0-301F-11D3-BF4B-00C04F79EFBC}") = "OOP3", "OOP3\OOP3.csproj", "{E50BB3CA-8ACB-48B8-97E4-2AF68891D025}"
EndProject
Global
	GlobalSection(SolutionConfigurationPlatforms) = preSolution
		Debug|Any CPU = Debug|Any CPU
		Release|Any CPU = Release|Any CPU
	EndGlobalSection
	GlobalSection(ProjectConfigurationPlatforms) = postSolution
		{9721510D-8144-4275-B1FB-59146C8D3E33}.Debug|Any CPU.ActiveCfg = Debug|Any CPU
		{9721510D-8144-4275-B1FB-59146C8D3E33}.Debug|Any CPU.Build.0 = Debug|Any CPU
		{9721510D-8144-4275-B1FB-59146C8D3E33}.Release|Any CPU.ActiveCfg = Release|Any CPU
		{9721510D-8144-4275-B1FB-59146C8D3E33}.Release|Any CPU.Build.0 = Release|Any CPU
		{2E089C62-777D-4035-86C8-2C7025DB2FFD}.Debug|Any CPU.ActiveCfg = Debug|Any CPU
		{2E089C62-777D-4035-86C8-2C7025DB2FFD}.Debug|Any CPU.Build.0 = Debug|Any CPU
		{2E089C62-777D-4035-86C8-2C7025DB2FFD}.Release|Any CPU.ActiveCfg = Release|Any CPU
		{2E089C62-777D-4035-86C8-2C7025DB2FFD}.Release|Any CPU.Build.0 = Release|Any CPU
		{0A5BA6C4-39CE-4C22-A50C-C66D4DE9B625}.Debug|Any CPU.ActiveCfg = Debug|Any CPU
		{0A5BA6C4-39CE-4C22-A50C-C66D4DE9B625}.Debug|Any CPU.Build.0 = Debug|Any CPU
		{0A5BA6C4-39CE-4C22-A50C-C66D4DE9B625}.Release|Any CPU.ActiveCfg = Release|Any CPU
		{0A5BA6C4-39CE-4C22-A50C-C66D4DE9B625}.Release|Any CPU.Build.0 = Release|Any CPU
		{D701CC3C-1B2B-4ABA-A148-5157234AD16C}.Debug|Any CPU.ActiveCfg = Debug|Any CPU
		{D701CC3C-1B2B-4ABA-A148-5157234AD16C}.Debug|Any CPU.Build.0 = Debug|Any CPU
		{D701CC3C-1B2B-4ABA-A148-5157234AD16C}.Release|Any CPU.ActiveCfg = Release|Any CPU
		{D701CC3C-1B2B-4ABA-A148-5157234AD16C}.Release|Any CPU.Build.0 = Release|Any CPU
		{62CC63B9-863C-459C-82DF-CDAD9D6FE329}.Debug|Any CPU.ActiveCfg = Debug|Any CPU
		{62CC63B9-863C-459C-82DF-CDAD9D6FE329}.Debug|Any CPU.Build.0 = Debug|Any CPU
		{62CC63B9-863C-459C-82DF-CDAD9D6FE329}.Release|Any CPU.ActiveCfg = Release|Any CPU
		{62CC63B9-863C-459C-82DF-CDAD9D6FE329}.Release|Any CPU.Build.0 = Release|Any CPU
		{3B1D2324-3731-4532-86A0-B9930213635B}.Debug|Any CPU.ActiveCfg = Debug|Any CPU
		{3B1D2324-3731-4532-86A0-B9930213635B}.Debug|Any CPU.Build.0 = Debug|Any CPU
		{3B1D2324-3731-4532-86A0-B9930213635B}.Release|Any CPU.ActiveCfg = Release|Any CPU
		{3B1D2324-3731-4532-86A0-B9930213635B}.Release|Any CPU.Build.0 = Release|Any CPU
		{42A2688F-73A8-491B-BEFB-8D268FB2E115}.Debug|Any CPU.ActiveCfg = Debug|Any CPU
		{42A2688F-73A8-491B-BEFB-8D268FB2E115}.Debug|Any CPU.Build.0 = Debug|Any CPU
		{42A2688F-73A8-491B-BEFB-8D268FB2E115}.Release|Any CPU.ActiveCfg = Release|Any CPU
		{42A2688F-73A8-491B-BEFB-8D268FB2E115}.Release|Any CPU.Build.0 = Release|Any CPU
		{D379A67D-00B0-49EE-94D4-BCE1AF91D10D}.Debug|Any CPU.ActiveCfg = Debug|Any CPU
		{D379A67D-00B0-49EE-94D4-BCE1AF91D10D}.Debug|Any CPU.Build.0 = Debug|Any CPU
		{D379A67D-00B0-49EE-94D4-BCE1AF91D10D}.Release|Any CPU.ActiveCfg = Release|Any CPU
		{D379A67D-00B0-49EE-94D4-BCE1AF91D10D}.Release|Any CPU.Build.0 = Release|Any CPU
		{DFFD092F-1C6B-4C6F-87FB-AA0FB3363971}.Debug|Any CPU.ActiveCfg = Debug|Any CPU
		{DFFD092F-1C6B-4C6F-87FB-AA0FB3363971}.Debug|Any CPU.Build.0 = Debug|Any CPU
		{DFFD092F-1C6B-4C6F-87FB-AA0FB3363971}.Release|Any CPU.ActiveCfg = Release|Any CPU
		{DFFD092F-1C6B-4C6F-87FB-AA0FB3363971}.Release|Any CPU.Build.0 = Release|Any CPU
		{959E8C39-2553-41DC-BD81-62CC5BCAFFE1}.Debug|Any CPU.ActiveCfg = Debug|Any CPU
		{959E8C39-2553-41DC-BD81-62CC5BCAFFE1}.Debug|Any CPU.Build.0 = Debug|Any CPU
		{959E8C39-2553-41DC-BD81-62CC5BCAFFE1}.Release|Any CPU.ActiveCfg = Release|Any CPU
		{959E8C39-2553-41DC-BD81-62CC5BCAFFE1}.Release|Any CPU.Build.0 = Release|Any CPU
		{E50BB3CA-8ACB-48B8-97E4-2AF68891D025}.Debug|Any CPU.ActiveCfg = Debug|Any CPU
		{E50BB3CA-8ACB-48B8-97E4-2AF68891D025}.Debug|Any CPU.Build.0 = Debug|Any CPU
		{E50BB3CA-8ACB-48B8-97E4-2AF68891D025}.Release|Any CPU.ActiveCfg = Release|Any CPU
		{E50BB3CA-8ACB-48B8-97E4-2AF68891D025}.Release|Any CPU.Build.0 = Release|Any CPU
	EndGlobalSection
	GlobalSection(SolutionProperties) = preSolution
		HideSolutionNode = FALSE
	EndGlobalSection
	GlobalSection(ExtensibilityGlobals) = postSolution
		SolutionGuid = {AB292496-C1C0-44DF-9F14-D6FC8B42A03E}
	EndGlobalSection
EndGlobal
